# THIS IS AN AUTOGENERATED FILE. DO NOT EDIT THIS FILE DIRECTLY.
# yarn lockfile v1


"@finos/perspective@^2.5.0":
  version "2.5.0"
  resolved "https://registry.yarnpkg.com/@finos/perspective/-/perspective-2.5.0.tgz#590cbedac0768b0ce82e3276f3b602de8a908058"
  integrity sha512-4YUs0oLvvGG4HQzqLJQCkRic+FW4h623etmcjBSuqcC3tLT+OMFxNZ8Z3NjS6uvdFu6vPTO7fAA0RnTdZKhXKg==
  dependencies:
    fflate "^0.7.4"
    ws "^6.1.2"

"@zip.js/zip.js@^2.7.27":
  version "2.7.27"
  resolved "https://registry.yarnpkg.com/@zip.js/zip.js/-/zip.js-2.7.27.tgz#ac5ea72c17d00bc386478abaa3c0148634df707a"
  integrity sha512-hKNtKPXkkcz2D4QWzaampsZf4yISRvmU3By35+yLfD73fd68YGF/WAYMJi5VEWJtApEy0mPWHWVqODSymwGykQ==

async-limiter@~1.0.0:
  version "1.0.1"
  resolved "https://registry.yarnpkg.com/async-limiter/-/async-limiter-1.0.1.tgz#dd379e94f0db8310b08291f9d64c3209766617fd"
  integrity sha512-csOlWGAcRFJaI6m+F2WKdnMKr4HhdhFVBk0H/QbJFMCr+uO2kwohwXQPxw/9OCxp05r5ghVBFSyioixx3gfkNQ==

fflate@^0.7.4:
  version "0.7.4"
  resolved "https://registry.yarnpkg.com/fflate/-/fflate-0.7.4.tgz#61587e5d958fdabb5a9368a302c25363f4f69f50"
  integrity sha512-5u2V/CDW15QM1XbbgS+0DfPxVB+jUKhWEKuuFuHncbk3tEEqzmoXL+2KyOFuKGqOnmdIy0/davWF1CkuwtibCw==

stoppable@1.1.0:
  version "1.1.0"
  resolved "https://registry.yarnpkg.com/stoppable/-/stoppable-1.1.0.tgz#32da568e83ea488b08e4d7ea2c3bcc9d75015d5b"
  integrity sha512-KXDYZ9dszj6bzvnEMRYvxgeTHU74QBFL54XKtP3nyMuJ81CFYtABZ3bAzL2EdFUaEwJOBOgENyFj3R7oTzDyyw==

ws@^6.1.2:
  version "6.2.2"
  resolved "https://registry.yarnpkg.com/ws/-/ws-6.2.2.tgz#dd5cdbd57a9979916097652d78f1cc5faea0c32e"
  integrity sha512-zmhltoSR8u1cnDsD43TX59mzoMZsLKqUweyYBAIvTngR3shc0W6aOZylZmq/7hqyVxPdi+5Ud2QInblgyE72fw==
  dependencies:
    async-limiter "~1.0.0"
